// !$*UTF8*$!
{
	archiveVersion = 1;
	classes = {
	};
	objectVersion = 56;
	objects = {

/* Begin PBXBuildFile section */
		D22065242C456E8C00B0EE0B /* AppDelegate.swift in Sources */ = {isa = PBXBuildFile; fileRef = D22065232C456E8C00B0EE0B /* AppDelegate.swift */; };
		D22065262C456E8C00B0EE0B /* SceneDelegate.swift in Sources */ = {isa = PBXBuildFile; fileRef = D22065252C456E8C00B0EE0B /* SceneDelegate.swift */; };
		D22065282C456E8C00B0EE0B /* ViewController.swift in Sources */ = {isa = PBXBuildFile; fileRef = D22065272C456E8C00B0EE0B /* ViewController.swift */; };
		D220652B2C456E8C00B0EE0B /* Base in Resources */ = {isa = PBXBuildFile; fileRef = D220652A2C456E8C00B0EE0B /* Base */; };
		D220652D2C456E8D00B0EE0B /* Assets.xcassets in Resources */ = {isa = PBXBuildFile; fileRef = D220652C2C456E8D00B0EE0B /* Assets.xcassets */; };
		D22065302C456E8D00B0EE0B /* Base in Resources */ = {isa = PBXBuildFile; fileRef = D220652F2C456E8D00B0EE0B /* Base */; };
		D22065382C4572A000B0EE0B /* EntryViewController.swift in Sources */ = {isa = PBXBuildFile; fileRef = D22065372C4572A000B0EE0B /* EntryViewController.swift */; };
		D220653A2C4572B300B0EE0B /* TaskViewController.swift in Sources */ = {isa = PBXBuildFile; fileRef = D22065392C4572B300B0EE0B /* TaskViewController.swift */; };
		D2A03F562C4AC16800596E73 /* ToDoItem.swift in Sources */ = {isa = PBXBuildFile; fileRef = D2A03F552C4AC16800596E73 /* ToDoItem.swift */; };
		D2A9B2922C4ECC1200A78CC1 /* TaskManager.swift in Sources */ = {isa = PBXBuildFile; fileRef = D2A9B2912C4ECC1200A78CC1 /* TaskManager.swift */; };
		D2BEFF9B2C4D729800F785E2 /* TaskCell.swift in Sources */ = {isa = PBXBuildFile; fileRef = D2BEFF9A2C4D729800F785E2 /* TaskCell.swift */; };
/* End PBXBuildFile section */

/* Begin PBXFileReference section */
		D22065202C456E8C00B0EE0B /* toDoList.app */ = {isa = PBXFileReference; explicitFileType = wrapper.application; includeInIndex = 0; path = toDoList.app; sourceTree = BUILT_PRODUCTS_DIR; };
		D22065232C456E8C00B0EE0B /* AppDelegate.swift */ = {isa = PBXFileReference; lastKnownFileType = sourcecode.swift; path = AppDelegate.swift; sourceTree = "<group>"; };
		D22065252C456E8C00B0EE0B /* SceneDelegate.swift */ = {isa = PBXFileReference; lastKnownFileType = sourcecode.swift; path = SceneDelegate.swift; sourceTree = "<group>"; };
		D22065272C456E8C00B0EE0B /* ViewController.swift */ = {isa = PBXFileReference; lastKnownFileType = sourcecode.swift; path = ViewController.swift; sourceTree = "<group>"; };
		D220652A2C456E8C00B0EE0B /* Base */ = {isa = PBXFileReference; lastKnownFileType = file.storyboard; name = Base; path = Base.lproj/Main.storyboard; sourceTree = "<group>"; };
		D220652C2C456E8D00B0EE0B /* Assets.xcassets */ = {isa = PBXFileReference; lastKnownFileType = folder.assetcatalog; path = Assets.xcassets; sourceTree = "<group>"; };
		D220652F2C456E8D00B0EE0B /* Base */ = {isa = PBXFileReference; lastKnownFileType = file.storyboard; name = Base; path = Base.lproj/LaunchScreen.storyboard; sourceTree = "<group>"; };
		D22065312C456E8D00B0EE0B /* Info.plist */ = {isa = PBXFileReference; lastKnownFileType = text.plist.xml; path = Info.plist; sourceTree = "<group>"; };
		D22065372C4572A000B0EE0B /* EntryViewController.swift */ = {isa = PBXFileReference; lastKnownFileType = sourcecode.swift; path = EntryViewController.swift; sourceTree = "<group>"; };
		D22065392C4572B300B0EE0B /* TaskViewController.swift */ = {isa = PBXFileReference; lastKnownFileType = sourcecode.swift; path = TaskViewController.swift; sourceTree = "<group>"; };
		D2A03F552C4AC16800596E73 /* ToDoItem.swift */ = {isa = PBXFileReference; lastKnownFileType = sourcecode.swift; path = ToDoItem.swift; sourceTree = "<group>"; };
		D2A9B2912C4ECC1200A78CC1 /* TaskManager.swift */ = {isa = PBXFileReference; lastKnownFileType = sourcecode.swift; path = TaskManager.swift; sourceTree = "<group>"; };
		D2BEFF9A2C4D729800F785E2 /* TaskCell.swift */ = {isa = PBXFileReference; lastKnownFileType = sourcecode.swift; path = TaskCell.swift; sourceTree = "<group>"; };
/* End PBXFileReference section */

/* Begin PBXFrameworksBuildPhase section */
		D220651D2C456E8C00B0EE0B /* Frameworks */ = {
			isa = PBXFrameworksBuildPhase;
			buildActionMask = 2147483647;
			files = (
			);
			runOnlyForDeploymentPostprocessing = 0;
		};
/* End PBXFrameworksBuildPhase section */

/* Begin PBXGroup section */
		D22065172C456E8C00B0EE0B = {
			isa = PBXGroup;
			children = (
				D22065222C456E8C00B0EE0B /* toDoList */,
				D22065212C456E8C00B0EE0B /* Products */,
			);
			sourceTree = "<group>";
		};
		D22065212C456E8C00B0EE0B /* Products */ = {
			isa = PBXGroup;
			children = (
				D22065202C456E8C00B0EE0B /* toDoList.app */,
			);
			name = Products;
			sourceTree = "<group>";
		};
		D22065222C456E8C00B0EE0B /* toDoList */ = {
			isa = PBXGroup;
			children = (
				D22065232C456E8C00B0EE0B /* AppDelegate.swift */,
				D22065252C456E8C00B0EE0B /* SceneDelegate.swift */,
				D2A9B2902C4EC39100A78CC1 /* Model */,
				D2A9B28E2C4EC36F00A78CC1 /* Controller */,
				D2A9B28F2C4EC38000A78CC1 /* View */,
				D22065292C456E8C00B0EE0B /* Main.storyboard */,
				D220652C2C456E8D00B0EE0B /* Assets.xcassets */,
				D220652E2C456E8D00B0EE0B /* LaunchScreen.storyboard */,
				D22065312C456E8D00B0EE0B /* Info.plist */,
			);
			path = toDoList;
			sourceTree = "<group>";
		};
		D2A9B28E2C4EC36F00A78CC1 /* Controller */ = {
			isa = PBXGroup;
			children = (
				D22065272C456E8C00B0EE0B /* ViewController.swift */,
				D22065392C4572B300B0EE0B /* TaskViewController.swift */,
				D22065372C4572A000B0EE0B /* EntryViewController.swift */,
			);
			path = Controller;
			sourceTree = "<group>";
		};
		D2A9B28F2C4EC38000A78CC1 /* View */ = {
			isa = PBXGroup;
			children = (
				D2BEFF9A2C4D729800F785E2 /* TaskCell.swift */,
			);
			path = View;
			sourceTree = "<group>";
		};
		D2A9B2902C4EC39100A78CC1 /* Model */ = {
			isa = PBXGroup;
			children = (
				D2A03F552C4AC16800596E73 /* ToDoItem.swift */,
				D2A9B2912C4ECC1200A78CC1 /* TaskManager.swift */,
			);
			path = Model;
			sourceTree = "<group>";
		};
/* End PBXGroup section */

/* Begin PBXNativeTarget section */
		D220651F2C456E8C00B0EE0B /* toDoList */ = {
			isa = PBXNativeTarget;
			buildConfigurationList = D22065342C456E8D00B0EE0B /* Build configuration list for PBXNativeTarget "toDoList" */;
			buildPhases = (
				D220651C2C456E8C00B0EE0B /* Sources */,
				D220651D2C456E8C00B0EE0B /* Frameworks */,
				D220651E2C456E8C00B0EE0B /* Resources */,
			);
			buildRules = (
			);
			dependencies = (
			);
			name = toDoList;
			productName = toDoList;
			productReference = D22065202C456E8C00B0EE0B /* toDoList.app */;
			productType = "com.apple.product-type.application";
		};
/* End PBXNativeTarget section */

/* Begin PBXProject section */
		D22065182C456E8C00B0EE0B /* Project object */ = {
			isa = PBXProject;
			attributes = {
				BuildIndependentTargetsInParallel = 1;
				LastSwiftUpdateCheck = 1540;
				LastUpgradeCheck = 1540;
				TargetAttributes = {
					D220651F2C456E8C00B0EE0B = {
						CreatedOnToolsVersion = 15.4;
					};
				};
			};
			buildConfigurationList = D220651B2C456E8C00B0EE0B /* Build configuration list for PBXProject "toDoList" */;
			compatibilityVersion = "Xcode 14.0";
			developmentRegion = en;
			hasScannedForEncodings = 0;
			knownRegions = (
				en,
				Base,
			);
			mainGroup = D22065172C456E8C00B0EE0B;
			productRefGroup = D22065212C456E8C00B0EE0B /* Products */;
			projectDirPath = "";
			projectRoot = "";
			targets = (
				D220651F2C456E8C00B0EE0B /* toDoList */,
			);
		};
/* End PBXProject section */

/* Begin PBXResourcesBuildPhase section */
		D220651E2C456E8C00B0EE0B /* Resources */ = {
			isa = PBXResourcesBuildPhase;
			buildActionMask = 2147483647;
			files = (
				D220652D2C456E8D00B0EE0B /* Assets.xcassets in Resources */,
				D22065302C456E8D00B0EE0B /* Base in Resources */,
				D220652B2C456E8C00B0EE0B /* Base in Resources */,
			);
			runOnlyForDeploymentPostprocessing = 0;
		};
/* End PBXResourcesBuildPhase section */

/* Begin PBXSourcesBuildPhase section */
		D220651C2C456E8C00B0EE0B /* Sources */ = {
			isa = PBXSourcesBuildPhase;
			buildActionMask = 2147483647;
			files = (
				D22065282C456E8C00B0EE0B /* ViewController.swift in Sources */,
				D2BEFF9B2C4D729800F785E2 /* TaskCell.swift in Sources */,
				D2A9B2922C4ECC1200A78CC1 /* TaskManager.swift in Sources */,
				D22065382C4572A000B0EE0B /* EntryViewController.swift in Sources */,
				D2A03F562C4AC16800596E73 /* ToDoItem.swift in Sources */,
				D220653A2C4572B300B0EE0B /* TaskViewController.swift in Sources */,
				D22065242C456E8C00B0EE0B /* AppDelegate.swift in Sources */,
				D22065262C456E8C00B0EE0B /* SceneDelegate.swift in Sources */,
			);
			runOnlyForDeploymentPostprocessing = 0;
		};
/* End PBXSourcesBuildPhase section */

/* Begin PBXVariantGroup section */
		D22065292C456E8C00B0EE0B /* Main.storyboard */ = {
			isa = PBXVariantGroup;
			children = (
				D220652A2C456E8C00B0EE0B /* Base */,
			);
			name = Main.storyboard;
			sourceTree = "<group>";
		};
		D220652E2C456E8D00B0EE0B /* LaunchScreen.storyboard */ = {
			isa = PBXVariantGroup;
			children = (
				D220652F2C456E8D00B0EE0B /* Base */,
			);
			name = LaunchScreen.storyboard;
			sourceTree = "<group>";
		};
/* End PBXVariantGroup section */

/* Begin XCBuildConfiguration section */
		D22065322C456E8D00B0EE0B /* Debug */ = {
			isa = XCBuildConfiguration;
			buildSettings = {
				ALWAYS_SEARCH_USER_PATHS = NO;
				ASSETCATALOG_COMPILER_GENERATE_SWIFT_ASSET_SYMBOL_EXTENSIONS = YES;
				CLANG_ANALYZER_NONNULL = YES;
				CLANG_ANALYZER_NUMBER_OBJECT_CONVERSION = YES_AGGRESSIVE;
				CLANG_CXX_LANGUAGE_STANDARD = "gnu++20";
				CLANG_ENABLE_MODULES = YES;
				CLANG_ENABLE_OBJC_ARC = YES;
				CLANG_ENABLE_OBJC_WEAK = YES;
				CLANG_WARN_BLOCK_CAPTURE_AUTORELEASING = YES;
				CLANG_WARN_BOOL_CONVERSION = YES;
				CLANG_WARN_COMMA = YES;
				CLANG_WARN_CONSTANT_CONVERSION = YES;
				CLANG_WARN_DEPRECATED_OBJC_IMPLEMENTATIONS = YES;
				CLANG_WARN_DIRECT_OBJC_ISA_USAGE = YES_ERROR;
				CLANG_WARN_DOCUMENTATION_COMMENTS = YES;
				CLANG_WARN_EMPTY_BODY = YES;
				CLANG_WARN_ENUM_CONVERSION = YES;
				CLANG_WARN_INFINITE_RECURSION = YES;
				CLANG_WARN_INT_CONVERSION = YES;
				CLANG_WARN_NON_LITERAL_NULL_CONVERSION = YES;
				CLANG_WARN_OBJC_IMPLICIT_RETAIN_SELF = YES;
				CLANG_WARN_OBJC_LITERAL_CONVERSION = YES;
				CLANG_WARN_OBJC_ROOT_CLASS = YES_ERROR;
				CLANG_WARN_QUOTED_INCLUDE_IN_FRAMEWORK_HEADER = YES;
				CLANG_WARN_RANGE_LOOP_ANALYSIS = YES;
				CLANG_WARN_STRICT_PROTOTYPES = YES;
				CLANG_WARN_SUSPICIOUS_MOVE = YES;
				CLANG_WARN_UNGUARDED_AVAILABILITY = YES_AGGRESSIVE;
				CLANG_WARN_UNREACHABLE_CODE = YES;
				CLANG_WARN__DUPLICATE_METHOD_MATCH = YES;
				COPY_PHASE_STRIP = NO;
				DEBUG_INFORMATION_FORMAT = dwarf;
				ENABLE_STRICT_OBJC_MSGSEND = YES;
				ENABLE_TESTABILITY = YES;
				ENABLE_USER_SCRIPT_SANDBOXING = YES;
				GCC_C_LANGUAGE_STANDARD = gnu17;
				GCC_DYNAMIC_NO_PIC = NO;
				GCC_NO_COMMON_BLOCKS = YES;
				GCC_OPTIMIZATION_LEVEL = 0;
				GCC_PREPROCESSOR_DEFINITIONS = (
					"DEBUG=1",
					"$(inherited)",
				);
				GCC_WARN_64_TO_32_BIT_CONVERSION = YES;
				GCC_WARN_ABOUT_RETURN_TYPE = YES_ERROR;
				GCC_WARN_UNDECLARED_SELECTOR = YES;
				GCC_WARN_UNINITIALIZED_AUTOS = YES_AGGRESSIVE;
				GCC_WARN_UNUSED_FUNCTION = YES;
				GCC_WARN_UNUSED_VARIABLE = YES;
				IPHONEOS_DEPLOYMENT_TARGET = 17.5;
				LOCALIZATION_PREFERS_STRING_CATALOGS = YES;
				MTL_ENABLE_DEBUG_INFO = INCLUDE_SOURCE;
				MTL_FAST_MATH = YES;
				ONLY_ACTIVE_ARCH = YES;
				SDKROOT = iphoneos;
				SWIFT_ACTIVE_COMPILATION_CONDITIONS = "DEBUG $(inherited)";
				SWIFT_OPTIMIZATION_LEVEL = "-Onone";
			};
			name = Debug;
		};
		D22065332C456E8D00B0EE0B /* Release */ = {
			isa = XCBuildConfiguration;
			buildSettings = {
				ALWAYS_SEARCH_USER_PATHS = NO;
				ASSETCATALOG_COMPILER_GENERATE_SWIFT_ASSET_SYMBOL_EXTENSIONS = YES;
				CLANG_ANALYZER_NONNULL = YES;
				CLANG_ANALYZER_NUMBER_OBJECT_CONVERSION = YES_AGGRESSIVE;
				CLANG_CXX_LANGUAGE_STANDARD = "gnu++20";
				CLANG_ENABLE_MODULES = YES;
				CLANG_ENABLE_OBJC_ARC = YES;
				CLANG_ENABLE_OBJC_WEAK = YES;
				CLANG_WARN_BLOCK_CAPTURE_AUTORELEASING = YES;
				CLANG_WARN_BOOL_CONVERSION = YES;
				CLANG_WARN_COMMA = YES;
				CLANG_WARN_CONSTANT_CONVERSION = YES;
				CLANG_WARN_DEPRECATED_OBJC_IMPLEMENTATIONS = YES;
				CLANG_WARN_DIRECT_OBJC_ISA_USAGE = YES_ERROR;
				CLANG_WARN_DOCUMENTATION_COMMENTS = YES;
				CLANG_WARN_EMPTY_BODY = YES;
				CLANG_WARN_ENUM_CONVERSION = YES;
				CLANG_WARN_INFINITE_RECURSION = YES;
				CLANG_WARN_INT_CONVERSION = YES;
				CLANG_WARN_NON_LITERAL_NULL_CONVERSION = YES;
				CLANG_WARN_OBJC_IMPLICIT_RETAIN_SELF = YES;
				CLANG_WARN_OBJC_LITERAL_CONVERSION = YES;
				CLANG_WARN_OBJC_ROOT_CLASS = YES_ERROR;
				CLANG_WARN_QUOTED_INCLUDE_IN_FRAMEWORK_HEADER = YES;
				CLANG_WARN_RANGE_LOOP_ANALYSIS = YES;
				CLANG_WARN_STRICT_PROTOTYPES = YES;
				CLANG_WARN_SUSPICIOUS_MOVE = YES;
				CLANG_WARN_UNGUARDED_AVAILABILITY = YES_AGGRESSIVE;
				CLANG_WARN_UNREACHABLE_CODE = YES;
				CLANG_WARN__DUPLICATE_METHOD_MATCH = YES;
				COPY_PHASE_STRIP = NO;
				DEBUG_INFORMATION_FORMAT = "dwarf-with-dsym";
				ENABLE_NS_ASSERTIONS = NO;
				ENABLE_STRICT_OBJC_MSGSEND = YES;
				ENABLE_USER_SCRIPT_SANDBOXING = YES;
				GCC_C_LANGUAGE_STANDARD = gnu17;
				GCC_NO_COMMON_BLOCKS = YES;
				GCC_WARN_64_TO_32_BIT_CONVERSION = YES;
				GCC_WARN_ABOUT_RETURN_TYPE = YES_ERROR;
				GCC_WARN_UNDECLARED_SELECTOR = YES;
				GCC_WARN_UNINITIALIZED_AUTOS = YES_AGGRESSIVE;
				GCC_WARN_UNUSED_FUNCTION = YES;
				GCC_WARN_UNUSED_VARIABLE = YES;
				IPHONEOS_DEPLOYMENT_TARGET = 17.5;
				LOCALIZATION_PREFERS_STRING_CATALOGS = YES;
				MTL_ENABLE_DEBUG_INFO = NO;
				MTL_FAST_MATH = YES;
				SDKROOT = iphoneos;
				SWIFT_COMPILATION_MODE = wholemodule;
				VALIDATE_PRODUCT = YES;
			};
			name = Release;
		};
		D22065352C456E8D00B0EE0B /* Debug */ = {
			isa = XCBuildConfiguration;
			buildSettings = {
				ASSETCATALOG_COMPILER_APPICON_NAME = AppIcon;
				ASSETCATALOG_COMPILER_GLOBAL_ACCENT_COLOR_NAME = AccentColor;
				CODE_SIGN_STYLE = Automatic;
				CURRENT_PROJECT_VERSION = 1;
				DEVELOPMENT_TEAM = J4UC96YYKT;
				GENERATE_INFOPLIST_FILE = YES;
				INFOPLIST_FILE = toDoList/Info.plist;
				INFOPLIST_KEY_UIApplicationSupportsIndirectInputEvents = YES;
				INFOPLIST_KEY_UILaunchStoryboardName = LaunchScreen;
				INFOPLIST_KEY_UIMainStoryboardFile = Main;
				INFOPLIST_KEY_UISupportedInterfaceOrientations_iPad = "UIInterfaceOrientationPortrait UIInterfaceOrientationPortraitUpsideDown UIInterfaceOrientationLandscapeLeft UIInterfaceOrientationLandscapeRight";
				INFOPLIST_KEY_UISupportedInterfaceOrientations_iPhone = "UIInterfaceOrientationPortrait UIInterfaceOrientationLandscapeLeft UIInterfaceOrientationLandscapeRight";
				LD_RUNPATH_SEARCH_PATHS = (
					"$(inherited)",
					"@executable_path/Frameworks",
				);
				MARKETING_VERSION = 1.0;
				PRODUCT_BUNDLE_IDENTIFIER = lj.toDoList;
				PRODUCT_NAME = "$(TARGET_NAME)";
				SWIFT_EMIT_LOC_STRINGS = YES;
				SWIFT_VERSION = 5.0;
				TARGETED_DEVICE_FAMILY = "1,2";
			};
			name = Debug;
		};
		D22065362C456E8D00B0EE0B /* Release */ = {
			isa = XCBuildConfiguration;
			buildSettings = {
				ASSETCATALOG_COMPILER_APPICON_NAME = AppIcon;
				ASSETCATALOG_COMPILER_GLOBAL_ACCENT_COLOR_NAME = AccentColor;
				CODE_SIGN_STYLE = Automatic;
				CURRENT_PROJECT_VERSION = 1;
				DEVELOPMENT_TEAM = J4UC96YYKT;
				GENERATE_INFOPLIST_FILE = YES;
				INFOPLIST_FILE = toDoList/Info.plist;
				INFOPLIST_KEY_UIApplicationSupportsIndirectInputEvents = YES;
				INFOPLIST_KEY_UILaunchStoryboardName = LaunchScreen;
				INFOPLIST_KEY_UIMainStoryboardFile = Main;
				INFOPLIST_KEY_UISupportedInterfaceOrientations_iPad = "UIInterfaceOrientationPortrait UIInterfaceOrientationPortraitUpsideDown UIInterfaceOrientationLandscapeLeft UIInterfaceOrientationLandscapeRight";
				INFOPLIST_KEY_UISupportedInterfaceOrientations_iPhone = "UIInterfaceOrientationPortrait UIInterfaceOrientationLandscapeLeft UIInterfaceOrientationLandscapeRight";
				LD_RUNPATH_SEARCH_PATHS = (
					"$(inherited)",
					"@executable_path/Frameworks",
				);
				MARKETING_VERSION = 1.0;
				PRODUCT_BUNDLE_IDENTIFIER = lj.toDoList;
				PRODUCT_NAME = "$(TARGET_NAME)";
				SWIFT_EMIT_LOC_STRINGS = YES;
				SWIFT_VERSION = 5.0;
				TARGETED_DEVICE_FAMILY = "1,2";
			};
			name = Release;
		};
/* End XCBuildConfiguration section */

/* Begin XCConfigurationList section */
		D220651B2C456E8C00B0EE0B /* Build configuration list for PBXProject "toDoList" */ = {
			isa = XCConfigurationList;
			buildConfigurations = (
				D22065322C456E8D00B0EE0B /* Debug */,
				D22065332C456E8D00B0EE0B /* Release */,
			);
			defaultConfigurationIsVisible = 0;
			defaultConfigurationName = Release;
		};
		D22065342C456E8D00B0EE0B /* Build configuration list for PBXNativeTarget "toDoList" */ = {
			isa = XCConfigurationList;
			buildConfigurations = (
				D22065352C456E8D00B0EE0B /* Debug */,
				D22065362C456E8D00B0EE0B /* Release */,
			);
			defaultConfigurationIsVisible = 0;
			defaultConfigurationName = Release;
		};
/* End XCConfigurationList section */
	};
	rootObject = D22065182C456E8C00B0EE0B /* Project object */;
}
